// !$*UTF8*$!
{
	archiveVersion = 1;
	classes = {
	};
	objectVersion = 46;
	objects = {

/* Begin PBXBuildFile section */
		75EE418D1B4297210019DA95 /* AppDelegate.swift in Sources */ = {isa = PBXBuildFile; fileRef = 75EE418C1B4297210019DA95 /* AppDelegate.swift */; };
		75EE41921B4297210019DA95 /* Main.storyboard in Resources */ = {isa = PBXBuildFile; fileRef = 75EE41901B4297210019DA95 /* Main.storyboard */; };
		75EE41941B4297210019DA95 /* Images.xcassets in Resources */ = {isa = PBXBuildFile; fileRef = 75EE41931B4297210019DA95 /* Images.xcassets */; };
		75EE41971B4297210019DA95 /* LaunchScreen.xib in Resources */ = {isa = PBXBuildFile; fileRef = 75EE41951B4297210019DA95 /* LaunchScreen.xib */; };
		75EE41BB1B429E190019DA95 /* ViewController.swift in Sources */ = {isa = PBXBuildFile; fileRef = 75EE41BA1B429E190019DA95 /* ViewController.swift */; };
		75EE41BF1B42A7650019DA95 /* CoreTelephony.framework in Frameworks */ = {isa = PBXBuildFile; fileRef = 75EE41BE1B42A7650019DA95 /* CoreTelephony.framework */; };
/* End PBXBuildFile section */

/* Begin PBXFileReference section */
		75EE41871B4297210019DA95 /* LineSDKStarterSwift.app */ = {isa = PBXFileReference; explicitFileType = wrapper.application; includeInIndex = 0; path = LineSDKStarterSwift.app; sourceTree = BUILT_PRODUCTS_DIR; };
		75EE418B1B4297210019DA95 /* Info.plist */ = {isa = PBXFileReference; lastKnownFileType = text.plist.xml; path = Info.plist; sourceTree = "<group>"; };
		75EE418C1B4297210019DA95 /* AppDelegate.swift */ = {isa = PBXFileReference; lastKnownFileType = sourcecode.swift; path = AppDelegate.swift; sourceTree = "<group>"; };
		75EE41911B4297210019DA95 /* Base */ = {isa = PBXFileReference; lastKnownFileType = file.storyboard; name = Base; path = Base.lproj/Main.storyboard; sourceTree = "<group>"; };
		75EE41931B4297210019DA95 /* Images.xcassets */ = {isa = PBXFileReference; lastKnownFileType = folder.assetcatalog; path = Images.xcassets; sourceTree = "<group>"; };
		75EE41961B4297210019DA95 /* Base */ = {isa = PBXFileReference; lastKnownFileType = file.xib; name = Base; path = Base.lproj/LaunchScreen.xib; sourceTree = "<group>"; };
		75EE41B41B4299E90019DA95 /* LineAdapter.plist */ = {isa = PBXFileReference; fileEncoding = 4; lastKnownFileType = text.plist.xml; path = LineAdapter.plist; sourceTree = "<group>"; };
		75EE41B61B429A970019DA95 /* LineSDKStarterSwift-Bridging-Header.h */ = {isa = PBXFileReference; lastKnownFileType = sourcecode.c.h; path = "LineSDKStarterSwift-Bridging-Header.h"; sourceTree = "<group>"; };
		75EE41BA1B429E190019DA95 /* ViewController.swift */ = {isa = PBXFileReference; fileEncoding = 4; lastKnownFileType = sourcecode.swift; path = ViewController.swift; sourceTree = "<group>"; };
		75EE41BE1B42A7650019DA95 /* CoreTelephony.framework */ = {isa = PBXFileReference; lastKnownFileType = wrapper.framework; name = CoreTelephony.framework; path = System/Library/Frameworks/CoreTelephony.framework; sourceTree = SDKROOT; };
/* End PBXFileReference section */

/* Begin PBXFrameworksBuildPhase section */
		75EE41841B4297210019DA95 /* Frameworks */ = {
			isa = PBXFrameworksBuildPhase;
			buildActionMask = 2147483647;
			files = (
				75EE41BF1B42A7650019DA95 /* CoreTelephony.framework in Frameworks */,
			);
			runOnlyForDeploymentPostprocessing = 0;
		};
/* End PBXFrameworksBuildPhase section */

/* Begin PBXGroup section */
		75EE417E1B4297210019DA95 = {
			isa = PBXGroup;
			children = (
				75EE41891B4297210019DA95 /* LineSDKStarterSwift */,
				75EE41881B4297210019DA95 /* Products */,
			);
			sourceTree = "<group>";
		};
		75EE41881B4297210019DA95 /* Products */ = {
			isa = PBXGroup;
			children = (
				75EE41871B4297210019DA95 /* LineSDKStarterSwift.app */,
			);
			name = Products;
			sourceTree = "<group>";
		};
		75EE41891B4297210019DA95 /* LineSDKStarterSwift */ = {
			isa = PBXGroup;
			children = (
				75EE418C1B4297210019DA95 /* AppDelegate.swift */,
				75EE41BA1B429E190019DA95 /* ViewController.swift */,
				75EE41901B4297210019DA95 /* Main.storyboard */,
				75EE41931B4297210019DA95 /* Images.xcassets */,
				75EE41951B4297210019DA95 /* LaunchScreen.xib */,
				75EE418A1B4297210019DA95 /* Supporting Files */,
			);
			path = LineSDKStarterSwift;
			sourceTree = "<group>";
		};
		75EE418A1B4297210019DA95 /* Supporting Files */ = {
			isa = PBXGroup;
			children = (
				75EE41BE1B42A7650019DA95 /* CoreTelephony.framework */,
				75EE418B1B4297210019DA95 /* Info.plist */,
				75EE41B41B4299E90019DA95 /* LineAdapter.plist */,
				75EE41B61B429A970019DA95 /* LineSDKStarterSwift-Bridging-Header.h */,
			);
			name = "Supporting Files";
			sourceTree = "<group>";
		};
/* End PBXGroup section */

/* Begin PBXNativeTarget section */
		75EE41861B4297210019DA95 /* LineSDKStarterSwift */ = {
			isa = PBXNativeTarget;
			buildConfigurationList = 75EE41A61B4297210019DA95 /* Build configuration list for PBXNativeTarget "LineSDKStarterSwift" */;
			buildPhases = (
				75EE41831B4297210019DA95 /* Sources */,
				75EE41841B4297210019DA95 /* Frameworks */,
				75EE41851B4297210019DA95 /* Resources */,
			);
			buildRules = (
			);
			dependencies = (
			);
			name = LineSDKStarterSwift;
			productName = LineSDKStarterSwift;
			productReference = 75EE41871B4297210019DA95 /* LineSDKStarterSwift.app */;
			productType = "com.apple.product-type.application";
		};
/* End PBXNativeTarget section */

/* Begin PBXProject section */
		75EE417F1B4297210019DA95 /* Project object */ = {
			isa = PBXProject;
			attributes = {
				LastUpgradeCheck = 0630;
				ORGANIZATIONNAME = "Line corp";
				TargetAttributes = {
					75EE41861B4297210019DA95 = {
						CreatedOnToolsVersion = 6.3.2;
						LastSwiftMigration = 0800;
					};
				};
			};
			buildConfigurationList = 75EE41821B4297210019DA95 /* Build configuration list for PBXProject "LineSDKStarterSwift" */;
			compatibilityVersion = "Xcode 3.2";
			developmentRegion = English;
			hasScannedForEncodings = 0;
			knownRegions = (
				en,
				Base,
			);
			mainGroup = 75EE417E1B4297210019DA95;
			productRefGroup = 75EE41881B4297210019DA95 /* Products */;
			projectDirPath = "";
			projectRoot = "";
			targets = (
				75EE41861B4297210019DA95 /* LineSDKStarterSwift */,
			);
		};
/* End PBXProject section */

/* Begin PBXResourcesBuildPhase section */
		75EE41851B4297210019DA95 /* Resources */ = {
			isa = PBXResourcesBuildPhase;
			buildActionMask = 2147483647;
			files = (
				75EE41921B4297210019DA95 /* Main.storyboard in Resources */,
				75EE41971B4297210019DA95 /* LaunchScreen.xib in Resources */,
				75EE41941B4297210019DA95 /* Images.xcassets in Resources */,
			);
			runOnlyForDeploymentPostprocessing = 0;
		};
/* End PBXResourcesBuildPhase section */

/* Begin PBXSourcesBuildPhase section */
		75EE41831B4297210019DA95 /* Sources */ = {
			isa = PBXSourcesBuildPhase;
			buildActionMask = 2147483647;
			files = (
				75EE41BB1B429E190019DA95 /* ViewController.swift in Sources */,
				75EE418D1B4297210019DA95 /* AppDelegate.swift in Sources */,
			);
			runOnlyForDeploymentPostprocessing = 0;
		};
/* End PBXSourcesBuildPhase section */

/* Begin PBXVariantGroup section */
		75EE41901B4297210019DA95 /* Main.storyboard */ = {
			isa = PBXVariantGroup;
			children = (
				75EE41911B4297210019DA95 /* Base */,
			);
			name = Main.storyboard;
			sourceTree = "<group>";
		};
		75EE41951B4297210019DA95 /* LaunchScreen.xib */ = {
			isa = PBXVariantGroup;
			children = (
				75EE41961B4297210019DA95 /* Base */,
			);
			name = LaunchScreen.xib;
			sourceTree = "<group>";
		};
/* End PBXVariantGroup section */

/* Begin XCBuildConfiguration section */
		75EE41A41B4297210019DA95 /* Debug */ = {
			isa = XCBuildConfiguration;
			buildSettings = {
				ALWAYS_SEARCH_USER_PATHS = NO;
				CLANG_CXX_LANGUAGE_STANDARD = "gnu++0x";
				CLANG_CXX_LIBRARY = "libc++";
				CLANG_ENABLE_MODULES = YES;
				CLANG_ENABLE_OBJC_ARC = YES;
				CLANG_WARN_BOOL_CONVERSION = YES;
				CLANG_WARN_CONSTANT_CONVERSION = YES;
				CLANG_WARN_DIRECT_OBJC_ISA_USAGE = YES_ERROR;
				CLANG_WARN_EMPTY_BODY = YES;
				CLANG_WARN_ENUM_CONVERSION = YES;
				CLANG_WARN_INT_CONVERSION = YES;
				CLANG_WARN_OBJC_ROOT_CLASS = YES_ERROR;
				CLANG_WARN_UNREACHABLE_CODE = YES;
				CLANG_WARN__DUPLICATE_METHOD_MATCH = YES;
				"CODE_SIGN_IDENTITY[sdk=iphoneos*]" = "iPhone Developer";
				COPY_PHASE_STRIP = NO;
				DEBUG_INFORMATION_FORMAT = "dwarf-with-dsym";
				ENABLE_STRICT_OBJC_MSGSEND = YES;
				GCC_C_LANGUAGE_STANDARD = gnu99;
				GCC_DYNAMIC_NO_PIC = NO;
				GCC_NO_COMMON_BLOCKS = YES;
				GCC_OPTIMIZATION_LEVEL = 0;
				GCC_PREPROCESSOR_DEFINITIONS = (
					"DEBUG=1",
					"$(inherited)",
				);
				GCC_SYMBOLS_PRIVATE_EXTERN = NO;
				GCC_WARN_64_TO_32_BIT_CONVERSION = YES;
				GCC_WARN_ABOUT_RETURN_TYPE = YES_ERROR;
				GCC_WARN_UNDECLARED_SELECTOR = YES;
				GCC_WARN_UNINITIALIZED_AUTOS = YES_AGGRESSIVE;
				GCC_WARN_UNUSED_FUNCTION = YES;
				GCC_WARN_UNUSED_VARIABLE = YES;
				IPHONEOS_DEPLOYMENT_TARGET = 8.3;
				MTL_ENABLE_DEBUG_INFO = YES;
				ONLY_ACTIVE_ARCH = YES;
				SDKROOT = iphoneos;
				SWIFT_OPTIMIZATION_LEVEL = "-Onone";
			};
			name = Debug;
		};
		75EE41A51B4297210019DA95 /* Release */ = {
			isa = XCBuildConfiguration;
			buildSettings = {
				ALWAYS_SEARCH_USER_PATHS = NO;
				CLANG_CXX_LANGUAGE_STANDARD = "gnu++0x";
				CLANG_CXX_LIBRARY = "libc++";
				CLANG_ENABLE_MODULES = YES;
				CLANG_ENABLE_OBJC_ARC = YES;
				CLANG_WARN_BOOL_CONVERSION = YES;
				CLANG_WARN_CONSTANT_CONVERSION = YES;
				CLANG_WARN_DIRECT_OBJC_ISA_USAGE = YES_ERROR;
				CLANG_WARN_EMPTY_BODY = YES;
				CLANG_WARN_ENUM_CONVERSION = YES;
				CLANG_WARN_INT_CONVERSION = YES;
				CLANG_WARN_OBJC_ROOT_CLASS = YES_ERROR;
				CLANG_WARN_UNREACHABLE_CODE = YES;
				CLANG_WARN__DUPLICATE_METHOD_MATCH = YES;
				"CODE_SIGN_IDENTITY[sdk=iphoneos*]" = "iPhone Developer";
				COPY_PHASE_STRIP = NO;
				DEBUG_INFORMATION_FORMAT = "dwarf-with-dsym";
				ENABLE_NS_ASSERTIONS = NO;
				ENABLE_STRICT_OBJC_MSGSEND = YES;
				GCC_C_LANGUAGE_STANDARD = gnu99;
				GCC_NO_COMMON_BLOCKS = YES;
				GCC_WARN_64_TO_32_BIT_CONVERSION = YES;
				GCC_WARN_ABOUT_RETURN_TYPE = YES_ERROR;
				GCC_WARN_UNDECLARED_SELECTOR = YES;
				GCC_WARN_UNINITIALIZED_AUTOS = YES_AGGRESSIVE;
				GCC_WARN_UNUSED_FUNCTION = YES;
				GCC_WARN_UNUSED_VARIABLE = YES;
				IPHONEOS_DEPLOYMENT_TARGET = 8.3;
				MTL_ENABLE_DEBUG_INFO = NO;
				SDKROOT = iphoneos;
				VALIDATE_PRODUCT = YES;
			};
			name = Release;
		};
		75EE41A71B4297210019DA95 /* Debug */ = {
			isa = XCBuildConfiguration;
			buildSettings = {
				ASSETCATALOG_COMPILER_APPICON_NAME = AppIcon;
				ASSETCATALOG_COMPILER_LAUNCHIMAGE_NAME = LaunchImage;
				CLANG_ENABLE_MODULES = YES;
				FRAMEWORK_SEARCH_PATHS = (
					"$(inherited)",
					"$(PROJECT_DIR)/LineSDKStarterSwift",
				);
				INFOPLIST_FILE = LineSDKStarterSwift/Info.plist;
				IPHONEOS_DEPLOYMENT_TARGET = 8.0;
				LD_RUNPATH_SEARCH_PATHS = "$(inherited) @executable_path/Frameworks";
				OTHER_LDFLAGS = "-ObjC";
				PRODUCT_NAME = "$(TARGET_NAME)";
				SWIFT_OBJC_BRIDGING_HEADER = "LineSDKStarterSwift/LineSDKStarterSwift-Bridging-Header.h";
				SWIFT_OPTIMIZATION_LEVEL = "-Onone";
				SWIFT_VERSION = 3.0;
			};
			name = Debug;
		};
		75EE41A81B4297210019DA95 /* Release */ = {
			isa = XCBuildConfiguration;
			buildSettings = {
				ASSETCATALOG_COMPILER_APPICON_NAME = AppIcon;
				ASSETCATALOG_COMPILER_LAUNCHIMAGE_NAME = LaunchImage;
				CLANG_ENABLE_MODULES = YES;
				FRAMEWORK_SEARCH_PATHS = (
					"$(inherited)",
					"$(PROJECT_DIR)/LineSDKStarterSwift",
				);
				INFOPLIST_FILE = LineSDKStarterSwift/Info.plist;
				IPHONEOS_DEPLOYMENT_TARGET = 8.0;
				LD_RUNPATH_SEARCH_PATHS = "$(inherited) @executable_path/Frameworks";
				OTHER_LDFLAGS = "-ObjC";
				PRODUCT_NAME = "$(TARGET_NAME)";
				SWIFT_OBJC_BRIDGING_HEADER = "LineSDKStarterSwift/LineSDKStarterSwift-Bridging-Header.h";
				SWIFT_VERSION = 3.0;
			};
			name = Release;
		};
/* End XCBuildConfiguration section */

/* Begin XCConfigurationList section */
		75EE41821B4297210019DA95 /* Build configuration list for PBXProject "LineSDKStarterSwift" */ = {
			isa = XCConfigurationList;
			buildConfigurations = (
				75EE41A41B4297210019DA95 /* Debug */,
				75EE41A51B4297210019DA95 /* Release */,
			);
			defaultConfigurationIsVisible = 0;
			defaultConfigurationName = Release;
		};
		75EE41A61B4297210019DA95 /* Build configuration list for PBXNativeTarget "LineSDKStarterSwift" */ = {
			isa = XCConfigurationList;
			buildConfigurations = (
				75EE41A71B4297210019DA95 /* Debug */,
				75EE41A81B4297210019DA95 /* Release */,
			);
			defaultConfigurationIsVisible = 0;
			defaultConfigurationName = Release;
		};
/* End XCConfigurationList section */
	};
	rootObject = 75EE417F1B4297210019DA95 /* Project object */;
}
